
Microsoft Visual Studio Solution File, Format Version 12.00
# Visual Studio Version 17
VisualStudioVersion = 17.4.33103.184
MinimumVisualStudioVersion = 10.0.40219.1
Project("{FAE04EC0-301F-11D3-BF4B-00C04F79EFBC}") = "Exp11", "Exp11.csproj", "{8A44E0A4-8AD3-4CA3-A17C-A370F22FFF78}"
EndProject
Global
	GlobalSection(SolutionConfigurationPlatforms) = preSolution
		Debug|Any CPU = Debug|Any CPU
		Release|Any CPU = Release|Any CPU
	EndGlobalSection
	GlobalSection(ProjectConfigurationPlatforms) = postSolution
		{8A44E0A4-8AD3-4CA3-A17C-A370F22FFF78}.Debug|Any CPU.ActiveCfg = Debug|Any CPU
		{8A44E0A4-8AD3-4CA3-A17C-A370F22FFF78}.Debug|Any CPU.Build.0 = Debug|Any CPU
		{8A44E0A4-8AD3-4CA3-A17C-A370F22FFF78}.Release|Any CPU.ActiveCfg = Release|Any CPU
		{8A44E0A4-8AD3-4CA3-A17C-A370F22FFF78}.Release|Any CPU.Build.0 = Release|Any CPU
	EndGlobalSection
	GlobalSection(SolutionProperties) = preSolution
		HideSolutionNode = FALSE
	EndGlobalSection
	GlobalSection(ExtensibilityGlobals) = postSolution
		SolutionGuid = {5A35C193-C859-44BF-B418-B5807731AD12}
	EndGlobalSection
EndGlobal
